
Microsoft Visual Studio Solution File, Format Version 12.00
# Visual Studio Version 17
VisualStudioVersion = 17.0.32112.339
MinimumVisualStudioVersion = 10.0.40219.1
Project("{9A19103F-16F7-4668-BE54-9A1E7A4F7556}") = "WrapISO22900.II", "WrapISO22900.II\WrapISO22900.II.csproj", "{63460435-DA11-4EA7-B050-9458FA7C6E9F}"
EndProject
Project("{9A19103F-16F7-4668-BE54-9A1E7A4F7556}") = "WrapISO22900.II.Test", "WrapISO22900.II.Test\WrapISO22900.II.Test.csproj", "{039127FC-6012-4439-B24A-EAC484E3198A}"
EndProject
Project("{9A19103F-16F7-4668-BE54-9A1E7A4F7556}") = "WrapISO22900.II.Demo", "WrapISO22900.II.Demo\WrapISO22900.II.Demo.csproj", "{D44CCD84-CF71-4A9A-B501-A63BC6957B58}"
EndProject
Project("{9A19103F-16F7-4668-BE54-9A1E7A4F7556}") = "WrapISO22900.II.OdxLikeComParamSets", "WrapISO22900.II.OdxLikeComParamSets\WrapISO22900.II.OdxLikeComParamSets.csproj", "{3A006CE9-D8D7-4A01-84F1-9440D0E0C22F}"
EndProject
Global
	GlobalSection(SolutionConfigurationPlatforms) = preSolution
		Debug|Any CPU = Debug|Any CPU
		Debug|x64 = Debug|x64
		Debug|x86 = Debug|x86
		Release|Any CPU = Release|Any CPU
		Release|x64 = Release|x64
		Release|x86 = Release|x86
	EndGlobalSection
	GlobalSection(ProjectConfigurationPlatforms) = postSolution
		{63460435-DA11-4EA7-B050-9458FA7C6E9F}.Debug|Any CPU.ActiveCfg = Debug|Any CPU
		{63460435-DA11-4EA7-B050-9458FA7C6E9F}.Debug|Any CPU.Build.0 = Debug|Any CPU
		{63460435-DA11-4EA7-B050-9458FA7C6E9F}.Debug|x64.ActiveCfg = Debug|Any CPU
		{63460435-DA11-4EA7-B050-9458FA7C6E9F}.Debug|x64.Build.0 = Debug|Any CPU
		{63460435-DA11-4EA7-B050-9458FA7C6E9F}.Debug|x86.ActiveCfg = Debug|Any CPU
		{63460435-DA11-4EA7-B050-9458FA7C6E9F}.Debug|x86.Build.0 = Debug|Any CPU
		{63460435-DA11-4EA7-B050-9458FA7C6E9F}.Release|Any CPU.ActiveCfg = Release|Any CPU
		{63460435-DA11-4EA7-B050-9458FA7C6E9F}.Release|Any CPU.Build.0 = Release|Any CPU
		{63460435-DA11-4EA7-B050-9458FA7C6E9F}.Release|x64.ActiveCfg = Release|Any CPU
		{63460435-DA11-4EA7-B050-9458FA7C6E9F}.Release|x64.Build.0 = Release|Any CPU
		{63460435-DA11-4EA7-B050-9458FA7C6E9F}.Release|x86.ActiveCfg = Release|Any CPU
		{63460435-DA11-4EA7-B050-9458FA7C6E9F}.Release|x86.Build.0 = Release|Any CPU
		{039127FC-6012-4439-B24A-EAC484E3198A}.Debug|Any CPU.ActiveCfg = Debug|Any CPU
		{039127FC-6012-4439-B24A-EAC484E3198A}.Debug|Any CPU.Build.0 = Debug|Any CPU
		{039127FC-6012-4439-B24A-EAC484E3198A}.Debug|x64.ActiveCfg = Debug|Any CPU
		{039127FC-6012-4439-B24A-EAC484E3198A}.Debug|x64.Build.0 = Debug|Any CPU
		{039127FC-6012-4439-B24A-EAC484E3198A}.Debug|x86.ActiveCfg = Debug|Any CPU
		{039127FC-6012-4439-B24A-EAC484E3198A}.Debug|x86.Build.0 = Debug|Any CPU
		{039127FC-6012-4439-B24A-EAC484E3198A}.Release|Any CPU.ActiveCfg = Release|Any CPU
		{039127FC-6012-4439-B24A-EAC484E3198A}.Release|Any CPU.Build.0 = Release|Any CPU
		{039127FC-6012-4439-B24A-EAC484E3198A}.Release|x64.ActiveCfg = Release|Any CPU
		{039127FC-6012-4439-B24A-EAC484E3198A}.Release|x64.Build.0 = Release|Any CPU
		{039127FC-6012-4439-B24A-EAC484E3198A}.Release|x86.ActiveCfg = Release|Any CPU
		{039127FC-6012-4439-B24A-EAC484E3198A}.Release|x86.Build.0 = Release|Any CPU
		{D44CCD84-CF71-4A9A-B501-A63BC6957B58}.Debug|Any CPU.ActiveCfg = Debug|Any CPU
		{D44CCD84-CF71-4A9A-B501-A63BC6957B58}.Debug|Any CPU.Build.0 = Debug|Any CPU
		{D44CCD84-CF71-4A9A-B501-A63BC6957B58}.Debug|x64.ActiveCfg = Debug|x64
		{D44CCD84-CF71-4A9A-B501-A63BC6957B58}.Debug|x64.Build.0 = Debug|x64
		{D44CCD84-CF71-4A9A-B501-A63BC6957B58}.Debug|x86.ActiveCfg = Debug|x86
		{D44CCD84-CF71-4A9A-B501-A63BC6957B58}.Debug|x86.Build.0 = Debug|x86
		{D44CCD84-CF71-4A9A-B501-A63BC6957B58}.Release|Any CPU.ActiveCfg = Release|Any CPU
		{D44CCD84-CF71-4A9A-B501-A63BC6957B58}.Release|Any CPU.Build.0 = Release|Any CPU
		{D44CCD84-CF71-4A9A-B501-A63BC6957B58}.Release|x64.ActiveCfg = Release|x64
		{D44CCD84-CF71-4A9A-B501-A63BC6957B58}.Release|x64.Build.0 = Release|x64
		{D44CCD84-CF71-4A9A-B501-A63BC6957B58}.Release|x86.ActiveCfg = Release|x86
		{D44CCD84-CF71-4A9A-B501-A63BC6957B58}.Release|x86.Build.0 = Release|x86
		{3A006CE9-D8D7-4A01-84F1-9440D0E0C22F}.Debug|Any CPU.ActiveCfg = Debug|Any CPU
		{3A006CE9-D8D7-4A01-84F1-9440D0E0C22F}.Debug|Any CPU.Build.0 = Debug|Any CPU
		{3A006CE9-D8D7-4A01-84F1-9440D0E0C22F}.Debug|x64.ActiveCfg = Debug|Any CPU
		{3A006CE9-D8D7-4A01-84F1-9440D0E0C22F}.Debug|x64.Build.0 = Debug|Any CPU
		{3A006CE9-D8D7-4A01-84F1-9440D0E0C22F}.Debug|x86.ActiveCfg = Debug|Any CPU
		{3A006CE9-D8D7-4A01-84F1-9440D0E0C22F}.Debug|x86.Build.0 = Debug|Any CPU
		{3A006CE9-D8D7-4A01-84F1-9440D0E0C22F}.Release|Any CPU.ActiveCfg = Release|Any CPU
		{3A006CE9-D8D7-4A01-84F1-9440D0E0C22F}.Release|Any CPU.Build.0 = Release|Any CPU
		{3A006CE9-D8D7-4A01-84F1-9440D0E0C22F}.Release|x64.ActiveCfg = Release|Any CPU
		{3A006CE9-D8D7-4A01-84F1-9440D0E0C22F}.Release|x64.Build.0 = Release|Any CPU
		{3A006CE9-D8D7-4A01-84F1-9440D0E0C22F}.Release|x86.ActiveCfg = Release|Any CPU
		{3A006CE9-D8D7-4A01-84F1-9440D0E0C22F}.Release|x86.Build.0 = Release|Any CPU
	EndGlobalSection
	GlobalSection(SolutionProperties) = preSolution
		HideSolutionNode = FALSE
	EndGlobalSection
	GlobalSection(ExtensibilityGlobals) = postSolution
		SolutionGuid = {781E98C7-7921-4FB0-8610-BEA3B753817B}
	EndGlobalSection
EndGlobal
